
Microsoft Visual Studio Solution File, Format Version 12.00
Project("{FAE04EC0-301F-11D3-BF4B-00C04F79EFBC}") = "BookStore", "BookStore\BookStore.csproj", "{1079CD26-4563-41AE-A0D6-DBFF395EE12E}"
EndProject
Project("{FAE04EC0-301F-11D3-BF4B-00C04F79EFBC}") = "Models", "Models\Models.csproj", "{20BCDFE8-4331-4886-987D-BB1BF08D4ABB}"
EndProject
Project("{FAE04EC0-301F-11D3-BF4B-00C04F79EFBC}") = "Context", "Context\Context.csproj", "{B9A2F38C-0AD9-436F-ADA0-6225DE8A2152}"
EndProject
Project("{FAE04EC0-301F-11D3-BF4B-00C04F79EFBC}") = "Services", "Services\Services.csproj", "{5C959BBC-5859-4F8F-B83C-C67B553F8B71}"
EndProject
Project("{FAE04EC0-301F-11D3-BF4B-00C04F79EFBC}") = "BookStoreApi", "BookStoreApi\BookStoreApi.csproj", "{77F2F2BF-3015-4EA8-B703-544C7CB4CDCE}"
EndProject
Global
	GlobalSection(SolutionConfigurationPlatforms) = preSolution
		Debug|Any CPU = Debug|Any CPU
		Release|Any CPU = Release|Any CPU
	EndGlobalSection
	GlobalSection(ProjectConfigurationPlatforms) = postSolution
		{1079CD26-4563-41AE-A0D6-DBFF395EE12E}.Debug|Any CPU.ActiveCfg = Debug|Any CPU
		{1079CD26-4563-41AE-A0D6-DBFF395EE12E}.Debug|Any CPU.Build.0 = Debug|Any CPU
		{1079CD26-4563-41AE-A0D6-DBFF395EE12E}.Release|Any CPU.ActiveCfg = Release|Any CPU
		{1079CD26-4563-41AE-A0D6-DBFF395EE12E}.Release|Any CPU.Build.0 = Release|Any CPU
		{20BCDFE8-4331-4886-987D-BB1BF08D4ABB}.Debug|Any CPU.ActiveCfg = Debug|Any CPU
		{20BCDFE8-4331-4886-987D-BB1BF08D4ABB}.Debug|Any CPU.Build.0 = Debug|Any CPU
		{20BCDFE8-4331-4886-987D-BB1BF08D4ABB}.Release|Any CPU.ActiveCfg = Release|Any CPU
		{20BCDFE8-4331-4886-987D-BB1BF08D4ABB}.Release|Any CPU.Build.0 = Release|Any CPU
		{B9A2F38C-0AD9-436F-ADA0-6225DE8A2152}.Debug|Any CPU.ActiveCfg = Debug|Any CPU
		{B9A2F38C-0AD9-436F-ADA0-6225DE8A2152}.Debug|Any CPU.Build.0 = Debug|Any CPU
		{B9A2F38C-0AD9-436F-ADA0-6225DE8A2152}.Release|Any CPU.ActiveCfg = Release|Any CPU
		{B9A2F38C-0AD9-436F-ADA0-6225DE8A2152}.Release|Any CPU.Build.0 = Release|Any CPU
		{5C959BBC-5859-4F8F-B83C-C67B553F8B71}.Debug|Any CPU.ActiveCfg = Debug|Any CPU
		{5C959BBC-5859-4F8F-B83C-C67B553F8B71}.Debug|Any CPU.Build.0 = Debug|Any CPU
		{5C959BBC-5859-4F8F-B83C-C67B553F8B71}.Release|Any CPU.ActiveCfg = Release|Any CPU
		{5C959BBC-5859-4F8F-B83C-C67B553F8B71}.Release|Any CPU.Build.0 = Release|Any CPU
		{77F2F2BF-3015-4EA8-B703-544C7CB4CDCE}.Debug|Any CPU.ActiveCfg = Debug|Any CPU
		{77F2F2BF-3015-4EA8-B703-544C7CB4CDCE}.Debug|Any CPU.Build.0 = Debug|Any CPU
		{77F2F2BF-3015-4EA8-B703-544C7CB4CDCE}.Release|Any CPU.ActiveCfg = Release|Any CPU
		{77F2F2BF-3015-4EA8-B703-544C7CB4CDCE}.Release|Any CPU.Build.0 = Release|Any CPU
	EndGlobalSection
EndGlobal
